<?xml version="1.0" encoding="utf-8"?>
<Project DefaultTargets="Build" ToolsVersion="4.0" xmlns="http://schemas.microsoft.com/developer/msbuild/2003">
  <PropertyGroup>
    <Configuration Condition=" '$(Configuration)' == '' ">Debug</Configuration>
    <Platform Condition=" '$(Platform)' == '' ">AnyCPU</Platform>
    <ProjectGuid>{BE829136-8BF2-4776-949F-27175DC8450E}</ProjectGuid>
    <UseDefaultCompiler>true</UseDefaultCompiler>
    <IncrementalLinking>true</IncrementalLinking>
    <PreferOneStepBuild>true</PreferOneStepBuild>
    <Compiler>DMD2</Compiler>
  </PropertyGroup>
  <PropertyGroup Condition=" '$(Configuration)|$(Platform)' == 'Debug|AnyCPU' ">
    <DebugSymbols>true</DebugSymbols>
    <OutputPath>bin\Debug</OutputPath>
    <LinkinThirdPartyLibraries>false</LinkinThirdPartyLibraries>
    <ObjectsDirectory>obj\Debug</ObjectsDirectory>
    <DebugLevel>0</DebugLevel>
    <UnittestMode>false</UnittestMode>
    <Externalconsole>true</Externalconsole>
    <Target>Executable</Target>
    <OutputName>vmfRounder</OutputName>
    <Commandlineparameters>"F:\Games\Steam\SteamApps\common\Team Fortress 2\tf\download\maps\ctf_minepirates_a4_d.vmf"</Commandlineparameters>
  </PropertyGroup>
  <PropertyGroup Condition=" '$(Configuration)|$(Platform)' == 'Release|AnyCPU' ">
    <OutputPath>bin\Release</OutputPath>
    <LinkinThirdPartyLibraries>false</LinkinThirdPartyLibraries>
    <ObjectsDirectory>obj\Release</ObjectsDirectory>
    <DebugLevel>0</DebugLevel>
    <UnittestMode>false</UnittestMode>
    <Externalconsole>true</Externalconsole>
    <Target>Executable</Target>
    <OutputName>vmfRounder</OutputName>
    <ExtraCompilerArguments>-g</ExtraCompilerArguments>
  </PropertyGroup>
  <PropertyGroup Condition=" '$(Configuration)|$(Platform)' == 'Unittest|AnyCPU' ">
    <DebugSymbols>true</DebugSymbols>
    <OutputPath>bin\Unittest</OutputPath>
    <LinkinThirdPartyLibraries>false</LinkinThirdPartyLibraries>
    <ObjectsDirectory>obj\Unittest</ObjectsDirectory>
    <DebugLevel>0</DebugLevel>
    <UnittestMode>true</UnittestMode>
    <Externalconsole>true</Externalconsole>
    <Target>Executable</Target>
    <OutputName>vmfRounder</OutputName>
  </PropertyGroup>
  <PropertyGroup Condition=" '$(Configuration)|$(Platform)' == 'Debug - New Features|AnyCPU' ">
    <DebugSymbols>true</DebugSymbols>
    <OutputPath>bin\Debug</OutputPath>
    <LinkinThirdPartyLibraries>false</LinkinThirdPartyLibraries>
    <UnittestMode>false</UnittestMode>
    <DebugLevel>0</DebugLevel>
    <ObjectsDirectory>obj\Debug</ObjectsDirectory>
    <Commandlineparameters>"F:\Games\Steam\SteamApps\common\Team Fortress 2\tf\download\maps\cp_orange_twin_towers.vmf"</Commandlineparameters>
    <Externalconsole>true</Externalconsole>
    <OutputName>vmfRounder</OutputName>
    <Target>Executable</Target>
  </PropertyGroup>
  <ItemGroup>
    <Compile Include="main.d" />
    <Compile Include="parser.d" />
    <Compile Include="indentedstreamwriter.d" />
    <Compile Include="data\plane.d" />
    <Compile Include="data\vec3r.d" />
    <Compile Include="data\entity.d" />
    <Compile Include="data\camera.d" />
  </ItemGroup>
  <ItemGroup>
    <Folder Include="data\" />
  </ItemGroup>
</Project>