<?xml version="1.0" encoding="utf-8"?>
<Project DefaultTargets="Build" ToolsVersion="4.0" xmlns="http://schemas.microsoft.com/developer/msbuild/2003">
  <PropertyGroup>
    <Configuration Condition=" '$(Configuration)' == '' ">Debug</Configuration>
    <Platform Condition=" '$(Platform)' == '' ">AnyCPU</Platform>
    <ProjectGuid>{BE829136-8BF2-4776-949F-27175DC8450E}</ProjectGuid>
    <UseDefaultCompiler>true</UseDefaultCompiler>
    <IncrementalLinking>true</IncrementalLinking>
    <PreferOneStepBuild>true</PreferOneStepBuild>
    <Compiler>DMD2</Compiler>
  </PropertyGroup>
  <PropertyGroup Condition=" '$(Configuration)|$(Platform)' == 'Debug|AnyCPU' ">
    <DebugSymbols>true</DebugSymbols>
    <OutputPath>bin\Debug</OutputPath>
    <LinkinThirdPartyLibraries>false</LinkinThirdPartyLibraries>
    <ObjectsDirectory>obj\Debug</ObjectsDirectory>
    <DebugLevel>0</DebugLevel>
    <UnittestMode>false</UnittestMode>
    <Externalconsole>true</Externalconsole>
    <Target>Executable</Target>
    <OutputName>vmfUtil</OutputName>
    <Commandlineparameters>--out=cp_croissant_final_d.cleaned.vmf cp_croissant_final_d.vmf</Commandlineparameters>
  </PropertyGroup>
  <PropertyGroup Condition=" '$(Configuration)|$(Platform)' == 'Release|AnyCPU' ">
    <OutputPath>bin\Release</OutputPath>
    <LinkinThirdPartyLibraries>false</LinkinThirdPartyLibraries>
    <ObjectsDirectory>obj\Release</ObjectsDirectory>
    <DebugLevel>0</DebugLevel>
    <UnittestMode>false</UnittestMode>
    <Externalconsole>true</Externalconsole>
    <Target>Executable</Target>
    <OutputName>vmfUtil</OutputName>
    <ExtraCompilerArguments>-g</ExtraCompilerArguments>
    <Commandlineparameters>--out=cp_croissant_final_d.cleaned.vmf cp_croissant_final_d.vmf</Commandlineparameters>
  </PropertyGroup>
  <ItemGroup>
    <Compile Include="main.d" />
    <Compile Include="parser.d" />
    <Compile Include="data\plane.d" />
    <Compile Include="data\vec3r.d" />
    <Compile Include="data\entity.d" />
    <Compile Include="data\camera.d" />
    <Compile Include="data\portal.d" />
    <Compile Include="utils\formattedexception.d" />
    <Compile Include="utils\indentedstreamwriter.d" />
    <Compile Include="modes\processmode.d" />
    <Compile Include="data\parsedenvironment.d" />
    <Compile Include="modes\portalsmode.d" />
    <Compile Include="modes\entitytreemode.d" />
    <Compile Include="modes\cleanmode.d" />
    <Compile Include="modes\manifestmode.d" />
    <Compile Include="modes\visleafmode.d" />
    <Compile Include="modes\writebackmode.d" />
    <Compile Include="data\solid.d" />
    <Compile Include="data\side.d" />
    <Compile Include="data\textureaxis.d" />
    <Compile Include="data\connection.d" />
  </ItemGroup>
  <ItemGroup>
    <Folder Include="data\" />
    <Folder Include="utils\" />
    <Folder Include="modes\" />
  </ItemGroup>
</Project>